
Microsoft Visual Studio Solution File, Format Version 12.00
# Visual Studio 15
VisualStudioVersion = 15.0.28010.2050
MinimumVisualStudioVersion = 10.0.40219.1
Project("{FAE04EC0-301F-11D3-BF4B-00C04F79EFBC}") = "FormsSQLite.Android", "FormsSQLite\FormsSQLite.Android\FormsSQLite.Android.csproj", "{AF3EEF23-F4B9-4EC5-A91F-B123861108F9}"
EndProject
Project("{FAE04EC0-301F-11D3-BF4B-00C04F79EFBC}") = "FormsSQLite.iOS", "FormsSQLite\FormsSQLite.iOS\FormsSQLite.iOS.csproj", "{8F3F230C-14C4-48FC-9C80-5756ABD44730}"
EndProject
Project("{FAE04EC0-301F-11D3-BF4B-00C04F79EFBC}") = "FormsSQLite", "FormsSQLite\FormsSQLite\FormsSQLite.csproj", "{3C8AB48D-CA98-4D4B-A5EE-8D9A63359AB3}"
EndProject
Global
	GlobalSection(SolutionConfigurationPlatforms) = preSolution
		Ad-Hoc|Any CPU = Ad-Hoc|Any CPU
		Ad-Hoc|iPhone = Ad-Hoc|iPhone
		Ad-Hoc|iPhoneSimulator = Ad-Hoc|iPhoneSimulator
		AppStore|Any CPU = AppStore|Any CPU
		AppStore|iPhone = AppStore|iPhone
		AppStore|iPhoneSimulator = AppStore|iPhoneSimulator
		Debug|Any CPU = Debug|Any CPU
		Debug|iPhone = Debug|iPhone
		Debug|iPhoneSimulator = Debug|iPhoneSimulator
		Release|Any CPU = Release|Any CPU
		Release|iPhone = Release|iPhone
		Release|iPhoneSimulator = Release|iPhoneSimulator
	EndGlobalSection
	GlobalSection(ProjectConfigurationPlatforms) = postSolution
		{AF3EEF23-F4B9-4EC5-A91F-B123861108F9}.Ad-Hoc|Any CPU.ActiveCfg = Release|Any CPU
		{AF3EEF23-F4B9-4EC5-A91F-B123861108F9}.Ad-Hoc|Any CPU.Build.0 = Release|Any CPU
		{AF3EEF23-F4B9-4EC5-A91F-B123861108F9}.Ad-Hoc|Any CPU.Deploy.0 = Release|Any CPU
		{AF3EEF23-F4B9-4EC5-A91F-B123861108F9}.Ad-Hoc|iPhone.ActiveCfg = Release|Any CPU
		{AF3EEF23-F4B9-4EC5-A91F-B123861108F9}.Ad-Hoc|iPhone.Build.0 = Release|Any CPU
		{AF3EEF23-F4B9-4EC5-A91F-B123861108F9}.Ad-Hoc|iPhone.Deploy.0 = Release|Any CPU
		{AF3EEF23-F4B9-4EC5-A91F-B123861108F9}.Ad-Hoc|iPhoneSimulator.ActiveCfg = Release|Any CPU
		{AF3EEF23-F4B9-4EC5-A91F-B123861108F9}.Ad-Hoc|iPhoneSimulator.Build.0 = Release|Any CPU
		{AF3EEF23-F4B9-4EC5-A91F-B123861108F9}.Ad-Hoc|iPhoneSimulator.Deploy.0 = Release|Any CPU
		{AF3EEF23-F4B9-4EC5-A91F-B123861108F9}.AppStore|Any CPU.ActiveCfg = Release|Any CPU
		{AF3EEF23-F4B9-4EC5-A91F-B123861108F9}.AppStore|Any CPU.Build.0 = Release|Any CPU
		{AF3EEF23-F4B9-4EC5-A91F-B123861108F9}.AppStore|Any CPU.Deploy.0 = Release|Any CPU
		{AF3EEF23-F4B9-4EC5-A91F-B123861108F9}.AppStore|iPhone.ActiveCfg = Release|Any CPU
		{AF3EEF23-F4B9-4EC5-A91F-B123861108F9}.AppStore|iPhone.Build.0 = Release|Any CPU
		{AF3EEF23-F4B9-4EC5-A91F-B123861108F9}.AppStore|iPhone.Deploy.0 = Release|Any CPU
		{AF3EEF23-F4B9-4EC5-A91F-B123861108F9}.AppStore|iPhoneSimulator.ActiveCfg = Release|Any CPU
		{AF3EEF23-F4B9-4EC5-A91F-B123861108F9}.AppStore|iPhoneSimulator.Build.0 = Release|Any CPU
		{AF3EEF23-F4B9-4EC5-A91F-B123861108F9}.AppStore|iPhoneSimulator.Deploy.0 = Release|Any CPU
		{AF3EEF23-F4B9-4EC5-A91F-B123861108F9}.Debug|Any CPU.ActiveCfg = Debug|Any CPU
		{AF3EEF23-F4B9-4EC5-A91F-B123861108F9}.Debug|Any CPU.Build.0 = Debug|Any CPU
		{AF3EEF23-F4B9-4EC5-A91F-B123861108F9}.Debug|Any CPU.Deploy.0 = Debug|Any CPU
		{AF3EEF23-F4B9-4EC5-A91F-B123861108F9}.Debug|iPhone.ActiveCfg = Debug|Any CPU
		{AF3EEF23-F4B9-4EC5-A91F-B123861108F9}.Debug|iPhone.Build.0 = Debug|Any CPU
		{AF3EEF23-F4B9-4EC5-A91F-B123861108F9}.Debug|iPhone.Deploy.0 = Debug|Any CPU
		{AF3EEF23-F4B9-4EC5-A91F-B123861108F9}.Debug|iPhoneSimulator.ActiveCfg = Debug|Any CPU
		{AF3EEF23-F4B9-4EC5-A91F-B123861108F9}.Debug|iPhoneSimulator.Build.0 = Debug|Any CPU
		{AF3EEF23-F4B9-4EC5-A91F-B123861108F9}.Debug|iPhoneSimulator.Deploy.0 = Debug|Any CPU
		{AF3EEF23-F4B9-4EC5-A91F-B123861108F9}.Release|Any CPU.ActiveCfg = Release|Any CPU
		{AF3EEF23-F4B9-4EC5-A91F-B123861108F9}.Release|Any CPU.Build.0 = Release|Any CPU
		{AF3EEF23-F4B9-4EC5-A91F-B123861108F9}.Release|Any CPU.Deploy.0 = Release|Any CPU
		{AF3EEF23-F4B9-4EC5-A91F-B123861108F9}.Release|iPhone.ActiveCfg = Release|Any CPU
		{AF3EEF23-F4B9-4EC5-A91F-B123861108F9}.Release|iPhone.Build.0 = Release|Any CPU
		{AF3EEF23-F4B9-4EC5-A91F-B123861108F9}.Release|iPhone.Deploy.0 = Release|Any CPU
		{AF3EEF23-F4B9-4EC5-A91F-B123861108F9}.Release|iPhoneSimulator.ActiveCfg = Release|Any CPU
		{AF3EEF23-F4B9-4EC5-A91F-B123861108F9}.Release|iPhoneSimulator.Build.0 = Release|Any CPU
		{AF3EEF23-F4B9-4EC5-A91F-B123861108F9}.Release|iPhoneSimulator.Deploy.0 = Release|Any CPU
		{8F3F230C-14C4-48FC-9C80-5756ABD44730}.Ad-Hoc|Any CPU.ActiveCfg = Ad-Hoc|iPhone
		{8F3F230C-14C4-48FC-9C80-5756ABD44730}.Ad-Hoc|Any CPU.Build.0 = Ad-Hoc|iPhone
		{8F3F230C-14C4-48FC-9C80-5756ABD44730}.Ad-Hoc|Any CPU.Deploy.0 = Ad-Hoc|iPhone
		{8F3F230C-14C4-48FC-9C80-5756ABD44730}.Ad-Hoc|iPhone.ActiveCfg = Ad-Hoc|iPhone
		{8F3F230C-14C4-48FC-9C80-5756ABD44730}.Ad-Hoc|iPhone.Build.0 = Ad-Hoc|iPhone
		{8F3F230C-14C4-48FC-9C80-5756ABD44730}.Ad-Hoc|iPhone.Deploy.0 = Ad-Hoc|iPhone
		{8F3F230C-14C4-48FC-9C80-5756ABD44730}.Ad-Hoc|iPhoneSimulator.ActiveCfg = Ad-Hoc|iPhoneSimulator
		{8F3F230C-14C4-48FC-9C80-5756ABD44730}.Ad-Hoc|iPhoneSimulator.Build.0 = Ad-Hoc|iPhoneSimulator
		{8F3F230C-14C4-48FC-9C80-5756ABD44730}.Ad-Hoc|iPhoneSimulator.Deploy.0 = Ad-Hoc|iPhoneSimulator
		{8F3F230C-14C4-48FC-9C80-5756ABD44730}.AppStore|Any CPU.ActiveCfg = AppStore|iPhone
		{8F3F230C-14C4-48FC-9C80-5756ABD44730}.AppStore|Any CPU.Build.0 = AppStore|iPhone
		{8F3F230C-14C4-48FC-9C80-5756ABD44730}.AppStore|Any CPU.Deploy.0 = AppStore|iPhone
		{8F3F230C-14C4-48FC-9C80-5756ABD44730}.AppStore|iPhone.ActiveCfg = AppStore|iPhone
		{8F3F230C-14C4-48FC-9C80-5756ABD44730}.AppStore|iPhone.Build.0 = AppStore|iPhone
		{8F3F230C-14C4-48FC-9C80-5756ABD44730}.AppStore|iPhone.Deploy.0 = AppStore|iPhone
		{8F3F230C-14C4-48FC-9C80-5756ABD44730}.AppStore|iPhoneSimulator.ActiveCfg = AppStore|iPhoneSimulator
		{8F3F230C-14C4-48FC-9C80-5756ABD44730}.AppStore|iPhoneSimulator.Build.0 = AppStore|iPhoneSimulator
		{8F3F230C-14C4-48FC-9C80-5756ABD44730}.AppStore|iPhoneSimulator.Deploy.0 = AppStore|iPhoneSimulator
		{8F3F230C-14C4-48FC-9C80-5756ABD44730}.Debug|Any CPU.ActiveCfg = Debug|iPhoneSimulator
		{8F3F230C-14C4-48FC-9C80-5756ABD44730}.Debug|Any CPU.Build.0 = Debug|iPhoneSimulator
		{8F3F230C-14C4-48FC-9C80-5756ABD44730}.Debug|Any CPU.Deploy.0 = Debug|iPhoneSimulator
		{8F3F230C-14C4-48FC-9C80-5756ABD44730}.Debug|iPhone.ActiveCfg = Debug|iPhone
		{8F3F230C-14C4-48FC-9C80-5756ABD44730}.Debug|iPhone.Build.0 = Debug|iPhone
		{8F3F230C-14C4-48FC-9C80-5756ABD44730}.Debug|iPhone.Deploy.0 = Debug|iPhone
		{8F3F230C-14C4-48FC-9C80-5756ABD44730}.Debug|iPhoneSimulator.ActiveCfg = Debug|iPhoneSimulator
		{8F3F230C-14C4-48FC-9C80-5756ABD44730}.Debug|iPhoneSimulator.Build.0 = Debug|iPhoneSimulator
		{8F3F230C-14C4-48FC-9C80-5756ABD44730}.Debug|iPhoneSimulator.Deploy.0 = Debug|iPhoneSimulator
		{8F3F230C-14C4-48FC-9C80-5756ABD44730}.Release|Any CPU.ActiveCfg = Release|iPhone
		{8F3F230C-14C4-48FC-9C80-5756ABD44730}.Release|Any CPU.Build.0 = Release|iPhone
		{8F3F230C-14C4-48FC-9C80-5756ABD44730}.Release|Any CPU.Deploy.0 = Release|iPhone
		{8F3F230C-14C4-48FC-9C80-5756ABD44730}.Release|iPhone.ActiveCfg = Release|iPhone
		{8F3F230C-14C4-48FC-9C80-5756ABD44730}.Release|iPhone.Build.0 = Release|iPhone
		{8F3F230C-14C4-48FC-9C80-5756ABD44730}.Release|iPhone.Deploy.0 = Release|iPhone
		{8F3F230C-14C4-48FC-9C80-5756ABD44730}.Release|iPhoneSimulator.ActiveCfg = Release|iPhoneSimulator
		{8F3F230C-14C4-48FC-9C80-5756ABD44730}.Release|iPhoneSimulator.Build.0 = Release|iPhoneSimulator
		{8F3F230C-14C4-48FC-9C80-5756ABD44730}.Release|iPhoneSimulator.Deploy.0 = Release|iPhoneSimulator
		{3C8AB48D-CA98-4D4B-A5EE-8D9A63359AB3}.Ad-Hoc|Any CPU.ActiveCfg = Debug|Any CPU
		{3C8AB48D-CA98-4D4B-A5EE-8D9A63359AB3}.Ad-Hoc|Any CPU.Build.0 = Debug|Any CPU
		{3C8AB48D-CA98-4D4B-A5EE-8D9A63359AB3}.Ad-Hoc|Any CPU.Deploy.0 = Debug|Any CPU
		{3C8AB48D-CA98-4D4B-A5EE-8D9A63359AB3}.Ad-Hoc|iPhone.ActiveCfg = Debug|Any CPU
		{3C8AB48D-CA98-4D4B-A5EE-8D9A63359AB3}.Ad-Hoc|iPhone.Build.0 = Debug|Any CPU
		{3C8AB48D-CA98-4D4B-A5EE-8D9A63359AB3}.Ad-Hoc|iPhone.Deploy.0 = Debug|Any CPU
		{3C8AB48D-CA98-4D4B-A5EE-8D9A63359AB3}.Ad-Hoc|iPhoneSimulator.ActiveCfg = Debug|Any CPU
		{3C8AB48D-CA98-4D4B-A5EE-8D9A63359AB3}.Ad-Hoc|iPhoneSimulator.Build.0 = Debug|Any CPU
		{3C8AB48D-CA98-4D4B-A5EE-8D9A63359AB3}.Ad-Hoc|iPhoneSimulator.Deploy.0 = Debug|Any CPU
		{3C8AB48D-CA98-4D4B-A5EE-8D9A63359AB3}.AppStore|Any CPU.ActiveCfg = Debug|Any CPU
		{3C8AB48D-CA98-4D4B-A5EE-8D9A63359AB3}.AppStore|Any CPU.Build.0 = Debug|Any CPU
		{3C8AB48D-CA98-4D4B-A5EE-8D9A63359AB3}.AppStore|Any CPU.Deploy.0 = Debug|Any CPU
		{3C8AB48D-CA98-4D4B-A5EE-8D9A63359AB3}.AppStore|iPhone.ActiveCfg = Debug|Any CPU
		{3C8AB48D-CA98-4D4B-A5EE-8D9A63359AB3}.AppStore|iPhone.Build.0 = Debug|Any CPU
		{3C8AB48D-CA98-4D4B-A5EE-8D9A63359AB3}.AppStore|iPhone.Deploy.0 = Debug|Any CPU
		{3C8AB48D-CA98-4D4B-A5EE-8D9A63359AB3}.AppStore|iPhoneSimulator.ActiveCfg = Debug|Any CPU
		{3C8AB48D-CA98-4D4B-A5EE-8D9A63359AB3}.AppStore|iPhoneSimulator.Build.0 = Debug|Any CPU
		{3C8AB48D-CA98-4D4B-A5EE-8D9A63359AB3}.AppStore|iPhoneSimulator.Deploy.0 = Debug|Any CPU
		{3C8AB48D-CA98-4D4B-A5EE-8D9A63359AB3}.Debug|Any CPU.ActiveCfg = Debug|Any CPU
		{3C8AB48D-CA98-4D4B-A5EE-8D9A63359AB3}.Debug|Any CPU.Build.0 = Debug|Any CPU
		{3C8AB48D-CA98-4D4B-A5EE-8D9A63359AB3}.Debug|Any CPU.Deploy.0 = Debug|Any CPU
		{3C8AB48D-CA98-4D4B-A5EE-8D9A63359AB3}.Debug|iPhone.ActiveCfg = Debug|Any CPU
		{3C8AB48D-CA98-4D4B-A5EE-8D9A63359AB3}.Debug|iPhone.Build.0 = Debug|Any CPU
		{3C8AB48D-CA98-4D4B-A5EE-8D9A63359AB3}.Debug|iPhone.Deploy.0 = Debug|Any CPU
		{3C8AB48D-CA98-4D4B-A5EE-8D9A63359AB3}.Debug|iPhoneSimulator.ActiveCfg = Debug|Any CPU
		{3C8AB48D-CA98-4D4B-A5EE-8D9A63359AB3}.Debug|iPhoneSimulator.Build.0 = Debug|Any CPU
		{3C8AB48D-CA98-4D4B-A5EE-8D9A63359AB3}.Debug|iPhoneSimulator.Deploy.0 = Debug|Any CPU
		{3C8AB48D-CA98-4D4B-A5EE-8D9A63359AB3}.Release|Any CPU.ActiveCfg = Release|Any CPU
		{3C8AB48D-CA98-4D4B-A5EE-8D9A63359AB3}.Release|Any CPU.Build.0 = Release|Any CPU
		{3C8AB48D-CA98-4D4B-A5EE-8D9A63359AB3}.Release|Any CPU.Deploy.0 = Release|Any CPU
		{3C8AB48D-CA98-4D4B-A5EE-8D9A63359AB3}.Release|iPhone.ActiveCfg = Release|Any CPU
		{3C8AB48D-CA98-4D4B-A5EE-8D9A63359AB3}.Release|iPhone.Build.0 = Release|Any CPU
		{3C8AB48D-CA98-4D4B-A5EE-8D9A63359AB3}.Release|iPhone.Deploy.0 = Release|Any CPU
		{3C8AB48D-CA98-4D4B-A5EE-8D9A63359AB3}.Release|iPhoneSimulator.ActiveCfg = Release|Any CPU
		{3C8AB48D-CA98-4D4B-A5EE-8D9A63359AB3}.Release|iPhoneSimulator.Build.0 = Release|Any CPU
		{3C8AB48D-CA98-4D4B-A5EE-8D9A63359AB3}.Release|iPhoneSimulator.Deploy.0 = Release|Any CPU
	EndGlobalSection
	GlobalSection(SolutionProperties) = preSolution
		HideSolutionNode = FALSE
	EndGlobalSection
	GlobalSection(ExtensibilityGlobals) = postSolution
		SolutionGuid = {BAA7D70A-82BC-4E6C-921F-3FA29B460209}
	EndGlobalSection
EndGlobal
